%{
  "castore": {:hex, :castore, "1.0.4", "ff4d0fb2e6411c0479b1d965a814ea6d00e51eb2f58697446e9c41a97d940b28", [:mix], [], "hexpm", "9418c1b8144e11656f0be99943db4caf04612e3eaecefb5dae9a2a87565584f8"},
  "certifi": {:hex, :certifi, "2.12.0", "2d1cca2ec95f59643862af91f001478c9863c2ac9cb6e2f89780bfd8de987329", [:rebar3], [], "hexpm", "ee68d85df22e554040cdb4be100f33873ac6051387baf6a8f6ce82272340ff1c"},
  "combine": {:hex, :combine, "0.10.0", "eff8224eeb56498a2af13011d142c5e7997a80c8f5b97c499f84c841032e429f", [:mix], [], "hexpm", "1b1dbc1790073076580d0d1d64e42eae2366583e7aecd455d1215b0d16f2451b"},
  "db_connection": {:hex, :db_connection, "2.5.0", "bb6d4f30d35ded97b29fe80d8bd6f928a1912ca1ff110831edcd238a1973652c", [:mix], [{:telemetry, "~> 0.4 or ~> 1.0", [hex: :telemetry, repo: "hexpm", optional: false]}], "hexpm", "c92d5ba26cd69ead1ff7582dbb860adeedfff39774105a4f1c92cbb654b55aa2"},
  "decimal": {:hex, :decimal, "2.1.1", "5611dca5d4b2c3dd497dec8f68751f1f1a54755e8ed2a966c2633cf885973ad6", [:mix], [], "hexpm", "53cfe5f497ed0e7771ae1a475575603d77425099ba5faef9394932b35020ffcc"},
  "ecto": {:hex, :ecto, "3.10.3", "eb2ae2eecd210b4eb8bece1217b297ad4ff824b4384c0e3fdd28aaf96edd6135", [:mix], [{:decimal, "~> 1.6 or ~> 2.0", [hex: :decimal, repo: "hexpm", optional: false]}, {:jason, "~> 1.0", [hex: :jason, repo: "hexpm", optional: true]}, {:telemetry, "~> 0.4 or ~> 1.0", [hex: :telemetry, repo: "hexpm", optional: false]}], "hexpm", "44bec74e2364d491d70f7e42cd0d690922659d329f6465e89feb8a34e8cd3433"},
  "ecto_sql": {:hex, :ecto_sql, "3.10.2", "6b98b46534b5c2f8b8b5f03f126e75e2a73c64f3c071149d32987a5378b0fdbd", [:mix], [{:db_connection, "~> 2.5 or ~> 2.4.1", [hex: :db_connection, repo: "hexpm", optional: false]}, {:ecto, "~> 3.10.0", [hex: :ecto, repo: "hexpm", optional: false]}, {:myxql, "~> 0.6.0", [hex: :myxql, repo: "hexpm", optional: true]}, {:postgrex, "~> 0.16.0 or ~> 0.17.0 or ~> 1.0", [hex: :postgrex, repo: "hexpm", optional: true]}, {:tds, "~> 2.1.1 or ~> 2.2", [hex: :tds, repo: "hexpm", optional: true]}, {:telemetry, "~> 0.4.0 or ~> 1.0", [hex: :telemetry, repo: "hexpm", optional: false]}], "hexpm", "68c018debca57cb9235e3889affdaec7a10616a4e3a80c99fa1d01fdafaa9007"},
  "ets": {:hex, :ets, "0.9.0", "79c6a6c205436780486f72d84230c6cba2f8a9920456750ddd1e47389107d5fd", [:mix], [], "hexpm", "2861fdfb04bcaeff370f1a5904eec864f0a56dcfebe5921ea9aadf2a481c822b"},
  "expo": {:hex, :expo, "0.4.1", "1c61d18a5df197dfda38861673d392e642649a9cef7694d2f97a587b2cfb319b", [:mix], [], "hexpm", "2ff7ba7a798c8c543c12550fa0e2cbc81b95d4974c65855d8d15ba7b37a1ce47"},
  "gettext": {:hex, :gettext, "0.23.1", "821e619a240e6000db2fc16a574ef68b3bd7fe0167ccc264a81563cc93e67a31", [:mix], [{:expo, "~> 0.4.0", [hex: :expo, repo: "hexpm", optional: false]}], "hexpm", "19d744a36b809d810d610b57c27b934425859d158ebd56561bc41f7eeb8795db"},
  "hackney": {:hex, :hackney, "1.19.1", "59de4716e985dd2b5cbd4954fa1ae187e2b610a9c4520ffcb0b1653c3d6e5559", [:rebar3], [{:certifi, "~>2.12.0", [hex: :certifi, repo: "hexpm", optional: false]}, {:idna, "~>6.1.0", [hex: :idna, repo: "hexpm", optional: false]}, {:metrics, "~>1.0.0", [hex: :metrics, repo: "hexpm", optional: false]}, {:mimerl, "~>1.1", [hex: :mimerl, repo: "hexpm", optional: false]}, {:parse_trans, "3.4.1", [hex: :parse_trans, repo: "hexpm", optional: false]}, {:ssl_verify_fun, "~>1.1.0", [hex: :ssl_verify_fun, repo: "hexpm", optional: false]}, {:unicode_util_compat, "~>0.7.0", [hex: :unicode_util_compat, repo: "hexpm", optional: false]}], "hexpm", "8aa08234bdefc269995c63c2282cf3cd0e36febe3a6bfab11b610572fdd1cad0"},
  "icmp": {:hex, :icmp, "0.1.0", "1a9f4dd9738868c76d81b1486c4c34753010dca9dcdbed16d1557100d9002f0d", [:mix], [{:net_address, "~> 0.2.1", [hex: :net_address, repo: "hexpm", optional: false]}], "hexpm", "7eb4daf2d828325a4f14aba9007a2fa6cc200612c8f2c5c44a62db90d3fbfc26"},
  "idna": {:hex, :idna, "6.1.1", "8a63070e9f7d0c62eb9d9fcb360a7de382448200fbbd1b106cc96d3d8099df8d", [:rebar3], [{:unicode_util_compat, "~>0.7.0", [hex: :unicode_util_compat, repo: "hexpm", optional: false]}], "hexpm", "92376eb7894412ed19ac475e4a86f7b413c1b9fbb5bd16dccd57934157944cea"},
  "jason": {:hex, :jason, "1.4.1", "af1504e35f629ddcdd6addb3513c3853991f694921b1b9368b0bd32beb9f1b63", [:mix], [{:decimal, "~> 1.0 or ~> 2.0", [hex: :decimal, repo: "hexpm", optional: true]}], "hexpm", "fbb01ecdfd565b56261302f7e1fcc27c4fb8f32d56eab74db621fc154604a7a1"},
  "libcluster": {:hex, :libcluster, "3.3.3", "a4f17721a19004cfc4467268e17cff8b1f951befe428975dd4f6f7b84d927fe0", [:mix], [{:jason, "~> 1.1", [hex: :jason, repo: "hexpm", optional: false]}], "hexpm", "7c0a2275a0bb83c07acd17dab3c3bfb4897b145106750eeccc62d302e3bdfee5"},
  "metrics": {:hex, :metrics, "1.0.1", "25f094dea2cda98213cecc3aeff09e940299d950904393b2a29d191c346a8486", [:rebar3], [], "hexpm", "69b09adddc4f74a40716ae54d140f93beb0fb8978d8636eaded0c31b6f099f16"},
  "mime": {:hex, :mime, "2.0.5", "dc34c8efd439abe6ae0343edbb8556f4d63f178594894720607772a041b04b02", [:mix], [], "hexpm", "da0d64a365c45bc9935cc5c8a7fc5e49a0e0f9932a761c55d6c52b142780a05c"},
  "mimerl": {:hex, :mimerl, "1.2.0", "67e2d3f571088d5cfd3e550c383094b47159f3eee8ffa08e64106cdf5e981be3", [:rebar3], [], "hexpm", "f278585650aa581986264638ebf698f8bb19df297f66ad91b18910dfc6e19323"},
  "net_address": {:hex, :net_address, "0.2.2", "b6949eec86da3580fa420c252eacba19e7e73741bc57318c7946dba7c9216ee7", [:mix], [], "hexpm", "99df1dd77353a65321e50c15f2e4ed0f0871da675f025b0f00242b5e8d971431"},
  "oban": {:hex, :oban, "2.16.2", "ec8dfd2f6dfdcd885061b58aeaa2794a0a6f62bad20c15939e4bb80bfd74ed76", [:mix], [{:ecto_sql, "~> 3.6", [hex: :ecto_sql, repo: "hexpm", optional: false]}, {:ecto_sqlite3, "~> 0.9", [hex: :ecto_sqlite3, repo: "hexpm", optional: true]}, {:jason, "~> 1.1", [hex: :jason, repo: "hexpm", optional: false]}, {:postgrex, "~> 0.16", [hex: :postgrex, repo: "hexpm", optional: true]}, {:telemetry, "~> 0.4 or ~> 1.0", [hex: :telemetry, repo: "hexpm", optional: false]}], "hexpm", "3d343c80948676abf9652da1e793ab6140ba64e9de7c8d6630eb5bb4aa8fea79"},
  "parse_trans": {:hex, :parse_trans, "3.4.1", "6e6aa8167cb44cc8f39441d05193be6e6f4e7c2946cb2759f015f8c56b76e5ff", [:rebar3], [], "hexpm", "620a406ce75dada827b82e453c19cf06776be266f5a67cff34e1ef2cbb60e49a"},
  "periodic": {:hex, :periodic, "0.1.0", "e551aff3c3850f2430a4dfbcc8ffda6a081bcb77e13783156a9d156a9713d793", [:mix], [], "hexpm", "99625b416d9d426b43059affe64b675205d77549579134c4e925cf0fbe04ca6e"},
  "phoenix": {:hex, :phoenix, "1.6.16", "e5bdd18c7a06da5852a25c7befb72246de4ddc289182285f8685a40b7b5f5451", [:mix], [{:castore, ">= 0.0.0", [hex: :castore, repo: "hexpm", optional: false]}, {:jason, "~> 1.0", [hex: :jason, repo: "hexpm", optional: true]}, {:phoenix_pubsub, "~> 2.0", [hex: :phoenix_pubsub, repo: "hexpm", optional: false]}, {:phoenix_view, "~> 1.0 or ~> 2.0", [hex: :phoenix_view, repo: "hexpm", optional: false]}, {:plug, "~> 1.10", [hex: :plug, repo: "hexpm", optional: false]}, {:plug_cowboy, "~> 2.2", [hex: :plug_cowboy, repo: "hexpm", optional: true]}, {:plug_crypto, "~> 1.2", [hex: :plug_crypto, repo: "hexpm", optional: false]}, {:telemetry, "~> 0.4 or ~> 1.0", [hex: :telemetry, repo: "hexpm", optional: false]}], "hexpm", "e15989ff34f670a96b95ef6d1d25bad0d9c50df5df40b671d8f4a669e050ac39"},
  "phoenix_pubsub": {:hex, :phoenix_pubsub, "2.1.3", "3168d78ba41835aecad272d5e8cd51aa87a7ac9eb836eabc42f6e57538e3731d", [:mix], [], "hexpm", "bba06bc1dcfd8cb086759f0edc94a8ba2bc8896d5331a1e2c2902bf8e36ee502"},
  "phoenix_template": {:hex, :phoenix_template, "1.0.3", "32de561eefcefa951aead30a1f94f1b5f0379bc9e340bb5c667f65f1edfa4326", [:mix], [{:phoenix_html, "~> 2.14.2 or ~> 3.0", [hex: :phoenix_html, repo: "hexpm", optional: true]}], "hexpm", "16f4b6588a4152f3cc057b9d0c0ba7e82ee23afa65543da535313ad8d25d8e2c"},
  "phoenix_view": {:hex, :phoenix_view, "2.0.2", "6bd4d2fd595ef80d33b439ede6a19326b78f0f1d8d62b9a318e3d9c1af351098", [:mix], [{:phoenix_html, "~> 2.14.2 or ~> 3.0", [hex: :phoenix_html, repo: "hexpm", optional: true]}, {:phoenix_template, "~> 1.0", [hex: :phoenix_template, repo: "hexpm", optional: false]}], "hexpm", "a929e7230ea5c7ee0e149ffcf44ce7cf7f4b6d2bfe1752dd7c084cdff152d36f"},
  "plug": {:hex, :plug, "1.15.1", "b7efd81c1a1286f13efb3f769de343236bd8b7d23b4a9f40d3002fc39ad8f74c", [:mix], [{:mime, "~> 1.0 or ~> 2.0", [hex: :mime, repo: "hexpm", optional: false]}, {:plug_crypto, "~> 1.1.1 or ~> 1.2 or ~> 2.0", [hex: :plug_crypto, repo: "hexpm", optional: false]}, {:telemetry, "~> 0.4.3 or ~> 1.0", [hex: :telemetry, repo: "hexpm", optional: false]}], "hexpm", "459497bd94d041d98d948054ec6c0b76feacd28eec38b219ca04c0de13c79d30"},
  "plug_crypto": {:hex, :plug_crypto, "1.2.5", "918772575e48e81e455818229bf719d4ab4181fcbf7f85b68a35620f78d89ced", [:mix], [], "hexpm", "26549a1d6345e2172eb1c233866756ae44a9609bd33ee6f99147ab3fd87fd842"},
  "postgrex": {:hex, :postgrex, "0.17.3", "c92cda8de2033a7585dae8c61b1d420a1a1322421df84da9a82a6764580c503d", [:mix], [{:db_connection, "~> 2.1", [hex: :db_connection, repo: "hexpm", optional: false]}, {:decimal, "~> 1.5 or ~> 2.0", [hex: :decimal, repo: "hexpm", optional: false]}, {:jason, "~> 1.0", [hex: :jason, repo: "hexpm", optional: true]}, {:table, "~> 0.1.0", [hex: :table, repo: "hexpm", optional: true]}], "hexpm", "946cf46935a4fdca7a81448be76ba3503cff082df42c6ec1ff16a4bdfbfb098d"},
  "ssl_verify_fun": {:hex, :ssl_verify_fun, "1.1.7", "354c321cf377240c7b8716899e182ce4890c5938111a1296add3ec74cf1715df", [:make, :mix, :rebar3], [], "hexpm", "fe4c190e8f37401d30167c8c405eda19469f34577987c76dde613e838bbc67f8"},
  "telemetry": {:hex, :telemetry, "1.2.1", "68fdfe8d8f05a8428483a97d7aab2f268aaff24b49e0f599faa091f1d4e7f61c", [:rebar3], [], "hexpm", "dad9ce9d8effc621708f99eac538ef1cbe05d6a874dd741de2e689c47feafed5"},
  "timex": {:hex, :timex, "3.7.11", "bb95cb4eb1d06e27346325de506bcc6c30f9c6dea40d1ebe390b262fad1862d1", [:mix], [{:combine, "~> 0.10", [hex: :combine, repo: "hexpm", optional: false]}, {:gettext, "~> 0.20", [hex: :gettext, repo: "hexpm", optional: false]}, {:tzdata, "~> 1.1", [hex: :tzdata, repo: "hexpm", optional: false]}], "hexpm", "8b9024f7efbabaf9bd7aa04f65cf8dcd7c9818ca5737677c7b76acbc6a94d1aa"},
  "toolshed": {:hex, :toolshed, "0.3.1", "9c7f90c015e8f6034eb43c4f5203ac6226d0db5f1a575ccf69af94b5d77cba64", [:mix], [{:nerves_runtime, "~> 0.8", [hex: :nerves_runtime, repo: "hexpm", optional: true]}], "hexpm", "92fc4a792cd1dbc4fd6963431b5c3511e88454c68e32a30cf17366905b43612e"},
  "tzdata": {:hex, :tzdata, "1.1.1", "20c8043476dfda8504952d00adac41c6eda23912278add38edc140ae0c5bcc46", [:mix], [{:hackney, "~> 1.17", [hex: :hackney, repo: "hexpm", optional: false]}], "hexpm", "a69cec8352eafcd2e198dea28a34113b60fdc6cb57eb5ad65c10292a6ba89787"},
  "unicode_util_compat": {:hex, :unicode_util_compat, "0.7.0", "bc84380c9ab48177092f43ac89e4dfa2c6d62b40b8bd132b1059ecc7232f9a78", [:rebar3], [], "hexpm", "25eee6d67df61960cf6a794239566599b09e17e668d3700247bc498638152521"},
}
